
Microsoft Visual Studio Solution File, Format Version 12.00
# Visual Studio Version 16
VisualStudioVersion = 16.0.30907.101
MinimumVisualStudioVersion = 10.0.40219.1
Project("{FAE04EC0-301F-11D3-BF4B-00C04F79EFBC}") = "MangaApp.Android", "MangaApp\MangaApp.Android\MangaApp.Android.csproj", "{243C17FE-596F-4698-972C-6008A720B774}"
EndProject
Project("{FAE04EC0-301F-11D3-BF4B-00C04F79EFBC}") = "MangaApp.iOS", "MangaApp\MangaApp.iOS\MangaApp.iOS.csproj", "{78909B78-A420-4C1D-B55E-E86D1DF7DA10}"
EndProject
Project("{FAE04EC0-301F-11D3-BF4B-00C04F79EFBC}") = "MangaApp", "MangaApp\MangaApp\MangaApp.csproj", "{B452A48F-FC81-4A06-9511-829B629A13BF}"
EndProject
Global
	GlobalSection(SolutionConfigurationPlatforms) = preSolution
		Debug|Any CPU = Debug|Any CPU
		Debug|iPhone = Debug|iPhone
		Debug|iPhoneSimulator = Debug|iPhoneSimulator
		Release|Any CPU = Release|Any CPU
		Release|iPhone = Release|iPhone
		Release|iPhoneSimulator = Release|iPhoneSimulator
	EndGlobalSection
	GlobalSection(ProjectConfigurationPlatforms) = postSolution
		{243C17FE-596F-4698-972C-6008A720B774}.Debug|Any CPU.ActiveCfg = Debug|Any CPU
		{243C17FE-596F-4698-972C-6008A720B774}.Debug|Any CPU.Build.0 = Debug|Any CPU
		{243C17FE-596F-4698-972C-6008A720B774}.Debug|Any CPU.Deploy.0 = Debug|Any CPU
		{243C17FE-596F-4698-972C-6008A720B774}.Debug|iPhone.ActiveCfg = Debug|Any CPU
		{243C17FE-596F-4698-972C-6008A720B774}.Debug|iPhone.Build.0 = Debug|Any CPU
		{243C17FE-596F-4698-972C-6008A720B774}.Debug|iPhone.Deploy.0 = Debug|Any CPU
		{243C17FE-596F-4698-972C-6008A720B774}.Debug|iPhoneSimulator.ActiveCfg = Debug|Any CPU
		{243C17FE-596F-4698-972C-6008A720B774}.Debug|iPhoneSimulator.Build.0 = Debug|Any CPU
		{243C17FE-596F-4698-972C-6008A720B774}.Debug|iPhoneSimulator.Deploy.0 = Debug|Any CPU
		{243C17FE-596F-4698-972C-6008A720B774}.Release|Any CPU.ActiveCfg = Release|Any CPU
		{243C17FE-596F-4698-972C-6008A720B774}.Release|Any CPU.Build.0 = Release|Any CPU
		{243C17FE-596F-4698-972C-6008A720B774}.Release|Any CPU.Deploy.0 = Release|Any CPU
		{243C17FE-596F-4698-972C-6008A720B774}.Release|iPhone.ActiveCfg = Release|Any CPU
		{243C17FE-596F-4698-972C-6008A720B774}.Release|iPhone.Build.0 = Release|Any CPU
		{243C17FE-596F-4698-972C-6008A720B774}.Release|iPhone.Deploy.0 = Release|Any CPU
		{243C17FE-596F-4698-972C-6008A720B774}.Release|iPhoneSimulator.ActiveCfg = Release|Any CPU
		{243C17FE-596F-4698-972C-6008A720B774}.Release|iPhoneSimulator.Build.0 = Release|Any CPU
		{243C17FE-596F-4698-972C-6008A720B774}.Release|iPhoneSimulator.Deploy.0 = Release|Any CPU
		{78909B78-A420-4C1D-B55E-E86D1DF7DA10}.Debug|Any CPU.ActiveCfg = Debug|iPhone
		{78909B78-A420-4C1D-B55E-E86D1DF7DA10}.Debug|Any CPU.Build.0 = Debug|iPhone
		{78909B78-A420-4C1D-B55E-E86D1DF7DA10}.Debug|Any CPU.Deploy.0 = Debug|iPhone
		{78909B78-A420-4C1D-B55E-E86D1DF7DA10}.Debug|iPhone.ActiveCfg = Debug|iPhone
		{78909B78-A420-4C1D-B55E-E86D1DF7DA10}.Debug|iPhone.Build.0 = Debug|iPhone
		{78909B78-A420-4C1D-B55E-E86D1DF7DA10}.Debug|iPhone.Deploy.0 = Debug|iPhone
		{78909B78-A420-4C1D-B55E-E86D1DF7DA10}.Debug|iPhoneSimulator.ActiveCfg = Debug|iPhoneSimulator
		{78909B78-A420-4C1D-B55E-E86D1DF7DA10}.Debug|iPhoneSimulator.Build.0 = Debug|iPhoneSimulator
		{78909B78-A420-4C1D-B55E-E86D1DF7DA10}.Debug|iPhoneSimulator.Deploy.0 = Debug|iPhoneSimulator
		{78909B78-A420-4C1D-B55E-E86D1DF7DA10}.Release|Any CPU.ActiveCfg = Release|iPhoneSimulator
		{78909B78-A420-4C1D-B55E-E86D1DF7DA10}.Release|Any CPU.Build.0 = Release|iPhoneSimulator
		{78909B78-A420-4C1D-B55E-E86D1DF7DA10}.Release|Any CPU.Deploy.0 = Release|iPhoneSimulator
		{78909B78-A420-4C1D-B55E-E86D1DF7DA10}.Release|iPhone.ActiveCfg = Release|iPhone
		{78909B78-A420-4C1D-B55E-E86D1DF7DA10}.Release|iPhone.Build.0 = Release|iPhone
		{78909B78-A420-4C1D-B55E-E86D1DF7DA10}.Release|iPhone.Deploy.0 = Release|iPhone
		{78909B78-A420-4C1D-B55E-E86D1DF7DA10}.Release|iPhoneSimulator.ActiveCfg = Release|iPhoneSimulator
		{78909B78-A420-4C1D-B55E-E86D1DF7DA10}.Release|iPhoneSimulator.Build.0 = Release|iPhoneSimulator
		{78909B78-A420-4C1D-B55E-E86D1DF7DA10}.Release|iPhoneSimulator.Deploy.0 = Release|iPhoneSimulator
		{B452A48F-FC81-4A06-9511-829B629A13BF}.Debug|Any CPU.ActiveCfg = Debug|Any CPU
		{B452A48F-FC81-4A06-9511-829B629A13BF}.Debug|Any CPU.Build.0 = Debug|Any CPU
		{B452A48F-FC81-4A06-9511-829B629A13BF}.Debug|Any CPU.Deploy.0 = Debug|Any CPU
		{B452A48F-FC81-4A06-9511-829B629A13BF}.Debug|iPhone.ActiveCfg = Debug|Any CPU
		{B452A48F-FC81-4A06-9511-829B629A13BF}.Debug|iPhone.Build.0 = Debug|Any CPU
		{B452A48F-FC81-4A06-9511-829B629A13BF}.Debug|iPhone.Deploy.0 = Debug|Any CPU
		{B452A48F-FC81-4A06-9511-829B629A13BF}.Debug|iPhoneSimulator.ActiveCfg = Debug|Any CPU
		{B452A48F-FC81-4A06-9511-829B629A13BF}.Debug|iPhoneSimulator.Build.0 = Debug|Any CPU
		{B452A48F-FC81-4A06-9511-829B629A13BF}.Debug|iPhoneSimulator.Deploy.0 = Debug|Any CPU
		{B452A48F-FC81-4A06-9511-829B629A13BF}.Release|Any CPU.ActiveCfg = Release|Any CPU
		{B452A48F-FC81-4A06-9511-829B629A13BF}.Release|Any CPU.Build.0 = Release|Any CPU
		{B452A48F-FC81-4A06-9511-829B629A13BF}.Release|Any CPU.Deploy.0 = Release|Any CPU
		{B452A48F-FC81-4A06-9511-829B629A13BF}.Release|iPhone.ActiveCfg = Release|Any CPU
		{B452A48F-FC81-4A06-9511-829B629A13BF}.Release|iPhone.Build.0 = Release|Any CPU
		{B452A48F-FC81-4A06-9511-829B629A13BF}.Release|iPhone.Deploy.0 = Release|Any CPU
		{B452A48F-FC81-4A06-9511-829B629A13BF}.Release|iPhoneSimulator.ActiveCfg = Release|Any CPU
		{B452A48F-FC81-4A06-9511-829B629A13BF}.Release|iPhoneSimulator.Build.0 = Release|Any CPU
		{B452A48F-FC81-4A06-9511-829B629A13BF}.Release|iPhoneSimulator.Deploy.0 = Release|Any CPU
	EndGlobalSection
	GlobalSection(SolutionProperties) = preSolution
		HideSolutionNode = FALSE
	EndGlobalSection
	GlobalSection(ExtensibilityGlobals) = postSolution
		SolutionGuid = {D08BF86B-6922-40E8-A691-3B8F5A7A9341}
	EndGlobalSection
EndGlobal
